<?xml version="1.0" encoding="utf-8"?>
<Project ToolsVersion="4.0" xmlns="http://schemas.microsoft.com/developer/msbuild/2003">
  <ItemGroup>
    <Filter Include="Core">
      <UniqueIdentifier>{ab528545-5268-4262-8c5e-08e51aa295ea}</UniqueIdentifier>
    </Filter>
    <Filter Include="Modules">
      <UniqueIdentifier>{5a65680c-7229-4d1c-930c-b3fa49ddab6c}</UniqueIdentifier>
    </Filter>
    <Filter Include="Tools">
      <UniqueIdentifier>{d3057bfa-f28b-4239-bb62-c1b17e7f3a74}</UniqueIdentifier>
    </Filter>
    <Filter Include="Tools\Time">
      <UniqueIdentifier>{8e51e88b-e134-49aa-a4e1-34cf64f3499b}</UniqueIdentifier>
    </Filter>
    <Filter Include="Resources">
      <UniqueIdentifier>{9453e33a-3be3-4891-a541-8df7f996fdd7}</UniqueIdentifier>
    </Filter>
    <Filter Include="Editor">
      <UniqueIdentifier>{c5646e5f-4db2-46aa-b652-26c7ea10615e}</UniqueIdentifier>
    </Filter>
    <Filter Include="ThirdParty">
      <UniqueIdentifier>{3d69d706-0c1b-46ea-9500-46ea96a29792}</UniqueIdentifier>
    </Filter>
    <Filter Include="ThirdParty\ImGui">
      <UniqueIdentifier>{cb68836f-d7ef-4f55-960d-b3ddb84dc5cf}</UniqueIdentifier>
    </Filter>
    <Filter Include="Tools\Cameras">
      <UniqueIdentifier>{74ff04ae-fe04-40cd-bb6d-65965c91ca19}</UniqueIdentifier>
    </Filter>
    <Filter Include="Tools\Events">
      <UniqueIdentifier>{1bc57941-3e04-4082-839d-c6d821e12cb6}</UniqueIdentifier>
    </Filter>
    <Filter Include="Resources\Renderers">
      <UniqueIdentifier>{3ea03809-fed3-451a-8c46-2462b3abd940}</UniqueIdentifier>
    </Filter>
    <Filter Include="Resources\Materials">
      <UniqueIdentifier>{84ea92ac-c25e-4816-b883-58809f46ce0c}</UniqueIdentifier>
    </Filter>
    <Filter Include="Tools\Loaders">
      <UniqueIdentifier>{a102ce73-4e65-4014-940f-a8461a04e8e9}</UniqueIdentifier>
    </Filter>
    <Filter Include="Tools\Loaders\ScenesLoaders">
      <UniqueIdentifier>{07207529-4614-4c3d-9e25-b152f7d5404f}</UniqueIdentifier>
    </Filter>
  </ItemGroup>
  <ItemGroup>
    <ClCompile Include="main.cpp">
      <Filter>Core</Filter>
    </ClCompile>
    <ClCompile Include="App.cpp">
      <Filter>Core</Filter>
    </ClCompile>
    <ClCompile Include="Defs.cpp">
      <Filter>Tools</Filter>
    </ClCompile>
    <ClCompile Include="Clock.cpp">
      <Filter>Tools\Time</Filter>
    </ClCompile>
    <ClCompile Include="PerfTimer.cpp">
      <Filter>Tools\Time</Filter>
    </ClCompile>
    <ClCompile Include="M_Window.cpp">
      <Filter>Modules</Filter>
    </ClCompile>
    <ClCompile Include="M_Input.cpp">
      <Filter>Modules</Filter>
    </ClCompile>
    <ClCompile Include="M_FileSystem.cpp">
      <Filter>Modules</Filter>
    </ClCompile>
    <ClCompile Include="M_Render3D.cpp">
      <Filter>Modules</Filter>
    </ClCompile>
    <ClCompile Include="R_Geometry.cpp">
      <Filter>Resources</Filter>
    </ClCompile>
    <ClCompile Include="R_Shader.cpp">
      <Filter>Resources</Filter>
    </ClCompile>
    <ClCompile Include="R_Material.cpp">
      <Filter>Resources</Filter>
    </ClCompile>
    <ClCompile Include="ThirdParty\ImGui\imgui.cpp">
      <Filter>ThirdParty\ImGui</Filter>
    </ClCompile>
    <ClCompile Include="ThirdParty\ImGui\imgui_demo.cpp">
      <Filter>ThirdParty\ImGui</Filter>
    </ClCompile>
    <ClCompile Include="ThirdParty\ImGui\imgui_draw.cpp">
      <Filter>ThirdParty\ImGui</Filter>
    </ClCompile>
    <ClCompile Include="ThirdParty\ImGui\imgui_impl_opengl3.cpp">
      <Filter>ThirdParty\ImGui</Filter>
    </ClCompile>
    <ClCompile Include="ThirdParty\ImGui\imgui_impl_sdl.cpp">
      <Filter>ThirdParty\ImGui</Filter>
    </ClCompile>
    <ClCompile Include="ThirdParty\ImGui\imgui_widgets.cpp">
      <Filter>ThirdParty\ImGui</Filter>
    </ClCompile>
    <ClCompile Include="R_Texture.cpp">
      <Filter>Resources</Filter>
    </ClCompile>
    <ClCompile Include="R_Model.cpp">
      <Filter>Resources</Filter>
    </ClCompile>
    <ClCompile Include="Camera.cpp">
      <Filter>Tools\Cameras</Filter>
    </ClCompile>
    <ClCompile Include="OrthographicCamera.cpp">
      <Filter>Tools\Cameras</Filter>
    </ClCompile>
    <ClCompile Include="PerspectiveCamera.cpp">
      <Filter>Tools\Cameras</Filter>
    </ClCompile>
    <ClCompile Include="R_Scene.cpp">
      <Filter>Resources</Filter>
    </ClCompile>
    <ClCompile Include="M_SceneManager.cpp">
      <Filter>Modules</Filter>
    </ClCompile>
    <ClCompile Include="E_GeometryPanel.cpp">
      <Filter>Editor</Filter>
    </ClCompile>
    <ClCompile Include="Resource.cpp">
      <Filter>Resources</Filter>
    </ClCompile>
    <ClCompile Include="E_TexturePanel.cpp">
      <Filter>Editor</Filter>
    </ClCompile>
    <ClCompile Include="E_ScenePanel.cpp">
      <Filter>Editor</Filter>
    </ClCompile>
    <ClCompile Include="EventManager.cpp">
      <Filter>Tools\Events</Filter>
    </ClCompile>
    <ClCompile Include="R_Renderer.cpp">
      <Filter>Resources</Filter>
    </ClCompile>
    <ClCompile Include="R_ForwardRenderer.cpp">
      <Filter>Resources\Renderers</Filter>
    </ClCompile>
    <ClCompile Include="M_ResourceManager.cpp">
      <Filter>Modules</Filter>
    </ClCompile>
    <ClCompile Include="M_Editor.cpp">
      <Filter>Modules</Filter>
    </ClCompile>
    <ClCompile Include="ModelLoader.cpp">
      <Filter>Tools\Loaders</Filter>
    </ClCompile>
    <ClCompile Include="BasicResourcesSceneLoader.cpp">
      <Filter>Tools\Loaders\ScenesLoaders</Filter>
    </ClCompile>
    <ClCompile Include="R_Mat_SimpleTexture.cpp">
      <Filter>Resources\Materials</Filter>
    </ClCompile>
    <ClCompile Include="SceneLoader.cpp">
      <Filter>Tools\Loaders\ScenesLoaders</Filter>
    </ClCompile>
    <ClCompile Include="FrameBuffer.cpp">
      <Filter>Tools</Filter>
    </ClCompile>
    <ClCompile Include="Light.cpp">
      <Filter>Tools</Filter>
    </ClCompile>
    <ClCompile Include="E_InspectorPanel.cpp" />
  </ItemGroup>
  <ItemGroup>
    <ClInclude Include="App.h">
      <Filter>Core</Filter>
    </ClInclude>
    <ClInclude Include="Module.h">
      <Filter>Modules</Filter>
    </ClInclude>
    <ClInclude Include="Defs.h">
      <Filter>Tools</Filter>
    </ClInclude>
    <ClInclude Include="Clock.h">
      <Filter>Tools\Time</Filter>
    </ClInclude>
    <ClInclude Include="PerfTimer.h">
      <Filter>Tools\Time</Filter>
    </ClInclude>
    <ClInclude Include="OpenGL.h">
      <Filter>Tools</Filter>
    </ClInclude>
    <ClInclude Include="M_Window.h">
      <Filter>Modules</Filter>
    </ClInclude>
    <ClInclude Include="M_Input.h">
      <Filter>Modules</Filter>
    </ClInclude>
    <ClInclude Include="M_FileSystem.h">
      <Filter>Modules</Filter>
    </ClInclude>
    <ClInclude Include="M_Render3D.h">
      <Filter>Modules</Filter>
    </ClInclude>
    <ClInclude Include="Resource.h">
      <Filter>Resources</Filter>
    </ClInclude>
    <ClInclude Include="R_Geometry.h">
      <Filter>Resources</Filter>
    </ClInclude>
    <ClInclude Include="GeometryDefs.h">
      <Filter>Tools</Filter>
    </ClInclude>
    <ClInclude Include="R_Shader.h">
      <Filter>Resources</Filter>
    </ClInclude>
    <ClInclude Include="R_Material.h">
      <Filter>Resources</Filter>
    </ClInclude>
    <ClInclude Include="ThirdParty\ImGui\imconfig.h">
      <Filter>ThirdParty\ImGui</Filter>
    </ClInclude>
    <ClInclude Include="ThirdParty\ImGui\imgui.h">
      <Filter>ThirdParty\ImGui</Filter>
    </ClInclude>
    <ClInclude Include="ThirdParty\ImGui\imgui_impl_opengl3.h">
      <Filter>ThirdParty\ImGui</Filter>
    </ClInclude>
    <ClInclude Include="ThirdParty\ImGui\imgui_impl_sdl.h">
      <Filter>ThirdParty\ImGui</Filter>
    </ClInclude>
    <ClInclude Include="ThirdParty\ImGui\imgui_internal.h">
      <Filter>ThirdParty\ImGui</Filter>
    </ClInclude>
    <ClInclude Include="ThirdParty\ImGui\imstb_rectpack.h">
      <Filter>ThirdParty\ImGui</Filter>
    </ClInclude>
    <ClInclude Include="ThirdParty\ImGui\imstb_textedit.h">
      <Filter>ThirdParty\ImGui</Filter>
    </ClInclude>
    <ClInclude Include="ThirdParty\ImGui\imstb_truetype.h">
      <Filter>ThirdParty\ImGui</Filter>
    </ClInclude>
    <ClInclude Include="R_Texture.h">
      <Filter>Resources</Filter>
    </ClInclude>
    <ClInclude Include="R_Model.h">
      <Filter>Resources</Filter>
    </ClInclude>
    <ClInclude Include="Camera.h">
      <Filter>Tools\Cameras</Filter>
    </ClInclude>
    <ClInclude Include="OrthographicCamera.h">
      <Filter>Tools\Cameras</Filter>
    </ClInclude>
    <ClInclude Include="PerspectiveCamera.h">
      <Filter>Tools\Cameras</Filter>
    </ClInclude>
    <ClInclude Include="R_Scene.h">
      <Filter>Resources</Filter>
    </ClInclude>
    <ClInclude Include="M_SceneManager.h">
      <Filter>Modules</Filter>
    </ClInclude>
    <ClInclude Include="Panel.h">
      <Filter>Editor</Filter>
    </ClInclude>
    <ClInclude Include="E_GeometryPanel.h">
      <Filter>Editor</Filter>
    </ClInclude>
    <ClInclude Include="E_TexturePanel.h">
      <Filter>Editor</Filter>
    </ClInclude>
    <ClInclude Include="E_ScenePanel.h">
      <Filter>Editor</Filter>
    </ClInclude>
    <ClInclude Include="EventManager.h">
      <Filter>Tools\Events</Filter>
    </ClInclude>
    <ClInclude Include="IEventListener.h">
      <Filter>Tools\Events</Filter>
    </ClInclude>
    <ClInclude Include="Event.h">
      <Filter>Tools\Events</Filter>
    </ClInclude>
    <ClInclude Include="R_Renderer.h">
      <Filter>Resources</Filter>
    </ClInclude>
    <ClInclude Include="R_ForwardRenderer.h">
      <Filter>Resources\Renderers</Filter>
    </ClInclude>
    <ClInclude Include="M_ResourceManager.h">
      <Filter>Modules</Filter>
    </ClInclude>
    <ClInclude Include="M_Editor.h">
      <Filter>Modules</Filter>
    </ClInclude>
    <ClInclude Include="SceneLoader.h">
      <Filter>Tools\Loaders</Filter>
    </ClInclude>
    <ClInclude Include="ModelLoader.h">
      <Filter>Tools\Loaders</Filter>
    </ClInclude>
    <ClInclude Include="BasicResourcesSceneLoader.h">
      <Filter>Tools\Loaders\ScenesLoaders</Filter>
    </ClInclude>
    <ClInclude Include="R_Mat_SimpleTexture.h">
      <Filter>Resources\Materials</Filter>
    </ClInclude>
    <ClInclude Include="FrameBuffer.h">
      <Filter>Tools</Filter>
    </ClInclude>
    <ClInclude Include="Light.h">
      <Filter>Tools</Filter>
    </ClInclude>
    <ClInclude Include="E_InspectorPanel.h" />
  </ItemGroup>
</Project>